
Microsoft Visual Studio Solution File, Format Version 12.00
# Visual Studio 15
VisualStudioVersion = 15.0.26124.0
MinimumVisualStudioVersion = 15.0.26124.0
Project("{FAE04EC0-301F-11D3-BF4B-00C04F79EFBC}") = "CarStoreCart", "CarStoreCart\CarStoreCart.csproj", "{651DCC3B-23A3-4509-BDFA-C6C252FA128B}"
EndProject
Project("{FAE04EC0-301F-11D3-BF4B-00C04F79EFBC}") = "CarStorePurchase", "CarStorePurchase\CarStorePurchase.csproj", "{BB118C60-4B24-4DAB-957C-80D5C7F56CEF}"
EndProject
Project("{FAE04EC0-301F-11D3-BF4B-00C04F79EFBC}") = "CarStoreShared", "CarStoreShared\CarStoreShared.csproj", "{E297A64F-CE32-4DCE-99AD-6D0FFA750B66}"
EndProject
Project("{FAE04EC0-301F-11D3-BF4B-00C04F79EFBC}") = "CarStoreWeb", "CarStoreWeb\CarStoreWeb.csproj", "{6DDF65F9-5DDD-44C8-B91F-70E3542D29EC}"
EndProject
Project("{FAE04EC0-301F-11D3-BF4B-00C04F79EFBC}") = "CarStoreInventory", "CarStoreInventory\CarStoreInventory.csproj", "{90D64E94-5627-43E7-B810-1F7AAA453BEA}"
EndProject
Project("{2150E333-8FDC-42A3-9474-1A3956D46DE8}") = "Infrastructure", "Infrastructure", "{A1ADAB83-C22A-4B67-BF32-C7E0B4D845BC}"
	ProjectSection(SolutionItems) = preProject
		azuredeploy.json = azuredeploy.json
	EndProjectSection
EndProject
Global
	GlobalSection(SolutionConfigurationPlatforms) = preSolution
		Debug|Any CPU = Debug|Any CPU
		Debug|x64 = Debug|x64
		Debug|x86 = Debug|x86
		Release|Any CPU = Release|Any CPU
		Release|x64 = Release|x64
		Release|x86 = Release|x86
	EndGlobalSection
	GlobalSection(SolutionProperties) = preSolution
		HideSolutionNode = FALSE
	EndGlobalSection
	GlobalSection(ProjectConfigurationPlatforms) = postSolution
		{651DCC3B-23A3-4509-BDFA-C6C252FA128B}.Debug|Any CPU.ActiveCfg = Debug|Any CPU
		{651DCC3B-23A3-4509-BDFA-C6C252FA128B}.Debug|Any CPU.Build.0 = Debug|Any CPU
		{651DCC3B-23A3-4509-BDFA-C6C252FA128B}.Debug|x64.ActiveCfg = Debug|Any CPU
		{651DCC3B-23A3-4509-BDFA-C6C252FA128B}.Debug|x64.Build.0 = Debug|Any CPU
		{651DCC3B-23A3-4509-BDFA-C6C252FA128B}.Debug|x86.ActiveCfg = Debug|Any CPU
		{651DCC3B-23A3-4509-BDFA-C6C252FA128B}.Debug|x86.Build.0 = Debug|Any CPU
		{651DCC3B-23A3-4509-BDFA-C6C252FA128B}.Release|Any CPU.ActiveCfg = Release|Any CPU
		{651DCC3B-23A3-4509-BDFA-C6C252FA128B}.Release|Any CPU.Build.0 = Release|Any CPU
		{651DCC3B-23A3-4509-BDFA-C6C252FA128B}.Release|x64.ActiveCfg = Release|Any CPU
		{651DCC3B-23A3-4509-BDFA-C6C252FA128B}.Release|x64.Build.0 = Release|Any CPU
		{651DCC3B-23A3-4509-BDFA-C6C252FA128B}.Release|x86.ActiveCfg = Release|Any CPU
		{651DCC3B-23A3-4509-BDFA-C6C252FA128B}.Release|x86.Build.0 = Release|Any CPU
		{BB118C60-4B24-4DAB-957C-80D5C7F56CEF}.Debug|Any CPU.ActiveCfg = Debug|Any CPU
		{BB118C60-4B24-4DAB-957C-80D5C7F56CEF}.Debug|Any CPU.Build.0 = Debug|Any CPU
		{BB118C60-4B24-4DAB-957C-80D5C7F56CEF}.Debug|x64.ActiveCfg = Debug|Any CPU
		{BB118C60-4B24-4DAB-957C-80D5C7F56CEF}.Debug|x64.Build.0 = Debug|Any CPU
		{BB118C60-4B24-4DAB-957C-80D5C7F56CEF}.Debug|x86.ActiveCfg = Debug|Any CPU
		{BB118C60-4B24-4DAB-957C-80D5C7F56CEF}.Debug|x86.Build.0 = Debug|Any CPU
		{BB118C60-4B24-4DAB-957C-80D5C7F56CEF}.Release|Any CPU.ActiveCfg = Release|Any CPU
		{BB118C60-4B24-4DAB-957C-80D5C7F56CEF}.Release|Any CPU.Build.0 = Release|Any CPU
		{BB118C60-4B24-4DAB-957C-80D5C7F56CEF}.Release|x64.ActiveCfg = Release|Any CPU
		{BB118C60-4B24-4DAB-957C-80D5C7F56CEF}.Release|x64.Build.0 = Release|Any CPU
		{BB118C60-4B24-4DAB-957C-80D5C7F56CEF}.Release|x86.ActiveCfg = Release|Any CPU
		{BB118C60-4B24-4DAB-957C-80D5C7F56CEF}.Release|x86.Build.0 = Release|Any CPU
		{E297A64F-CE32-4DCE-99AD-6D0FFA750B66}.Debug|Any CPU.ActiveCfg = Debug|Any CPU
		{E297A64F-CE32-4DCE-99AD-6D0FFA750B66}.Debug|Any CPU.Build.0 = Debug|Any CPU
		{E297A64F-CE32-4DCE-99AD-6D0FFA750B66}.Debug|x64.ActiveCfg = Debug|Any CPU
		{E297A64F-CE32-4DCE-99AD-6D0FFA750B66}.Debug|x64.Build.0 = Debug|Any CPU
		{E297A64F-CE32-4DCE-99AD-6D0FFA750B66}.Debug|x86.ActiveCfg = Debug|Any CPU
		{E297A64F-CE32-4DCE-99AD-6D0FFA750B66}.Debug|x86.Build.0 = Debug|Any CPU
		{E297A64F-CE32-4DCE-99AD-6D0FFA750B66}.Release|Any CPU.ActiveCfg = Release|Any CPU
		{E297A64F-CE32-4DCE-99AD-6D0FFA750B66}.Release|Any CPU.Build.0 = Release|Any CPU
		{E297A64F-CE32-4DCE-99AD-6D0FFA750B66}.Release|x64.ActiveCfg = Release|Any CPU
		{E297A64F-CE32-4DCE-99AD-6D0FFA750B66}.Release|x64.Build.0 = Release|Any CPU
		{E297A64F-CE32-4DCE-99AD-6D0FFA750B66}.Release|x86.ActiveCfg = Release|Any CPU
		{E297A64F-CE32-4DCE-99AD-6D0FFA750B66}.Release|x86.Build.0 = Release|Any CPU
		{6DDF65F9-5DDD-44C8-B91F-70E3542D29EC}.Debug|Any CPU.ActiveCfg = Debug|Any CPU
		{6DDF65F9-5DDD-44C8-B91F-70E3542D29EC}.Debug|Any CPU.Build.0 = Debug|Any CPU
		{6DDF65F9-5DDD-44C8-B91F-70E3542D29EC}.Debug|x64.ActiveCfg = Debug|Any CPU
		{6DDF65F9-5DDD-44C8-B91F-70E3542D29EC}.Debug|x64.Build.0 = Debug|Any CPU
		{6DDF65F9-5DDD-44C8-B91F-70E3542D29EC}.Debug|x86.ActiveCfg = Debug|Any CPU
		{6DDF65F9-5DDD-44C8-B91F-70E3542D29EC}.Debug|x86.Build.0 = Debug|Any CPU
		{6DDF65F9-5DDD-44C8-B91F-70E3542D29EC}.Release|Any CPU.ActiveCfg = Release|Any CPU
		{6DDF65F9-5DDD-44C8-B91F-70E3542D29EC}.Release|Any CPU.Build.0 = Release|Any CPU
		{6DDF65F9-5DDD-44C8-B91F-70E3542D29EC}.Release|x64.ActiveCfg = Release|Any CPU
		{6DDF65F9-5DDD-44C8-B91F-70E3542D29EC}.Release|x64.Build.0 = Release|Any CPU
		{6DDF65F9-5DDD-44C8-B91F-70E3542D29EC}.Release|x86.ActiveCfg = Release|Any CPU
		{6DDF65F9-5DDD-44C8-B91F-70E3542D29EC}.Release|x86.Build.0 = Release|Any CPU
		{90D64E94-5627-43E7-B810-1F7AAA453BEA}.Debug|Any CPU.ActiveCfg = Debug|Any CPU
		{90D64E94-5627-43E7-B810-1F7AAA453BEA}.Debug|Any CPU.Build.0 = Debug|Any CPU
		{90D64E94-5627-43E7-B810-1F7AAA453BEA}.Debug|x64.ActiveCfg = Debug|Any CPU
		{90D64E94-5627-43E7-B810-1F7AAA453BEA}.Debug|x64.Build.0 = Debug|Any CPU
		{90D64E94-5627-43E7-B810-1F7AAA453BEA}.Debug|x86.ActiveCfg = Debug|Any CPU
		{90D64E94-5627-43E7-B810-1F7AAA453BEA}.Debug|x86.Build.0 = Debug|Any CPU
		{90D64E94-5627-43E7-B810-1F7AAA453BEA}.Release|Any CPU.ActiveCfg = Release|Any CPU
		{90D64E94-5627-43E7-B810-1F7AAA453BEA}.Release|Any CPU.Build.0 = Release|Any CPU
		{90D64E94-5627-43E7-B810-1F7AAA453BEA}.Release|x64.ActiveCfg = Release|Any CPU
		{90D64E94-5627-43E7-B810-1F7AAA453BEA}.Release|x64.Build.0 = Release|Any CPU
		{90D64E94-5627-43E7-B810-1F7AAA453BEA}.Release|x86.ActiveCfg = Release|Any CPU
		{90D64E94-5627-43E7-B810-1F7AAA453BEA}.Release|x86.Build.0 = Release|Any CPU
	EndGlobalSection
EndGlobal
